<?xml version="1.0" encoding="utf-8"?>
<Project ToolsVersion="4.0" xmlns="http://schemas.microsoft.com/developer/msbuild/2003">
  <ItemGroup>
    <Filter Include="DXUT">
      <UniqueIdentifier>{37b64c45-a08f-4fe9-af50-45c5c2f603fc}</UniqueIdentifier>
    </Filter>
    <Filter Include="Shaders">
      <UniqueIdentifier>{509ace0a-bd70-4611-b1f1-a99d4866a35d}</UniqueIdentifier>
    </Filter>
    <Filter Include="Code">
      <UniqueIdentifier>{edba3141-f6d2-48e7-94af-3edeedb2c126}</UniqueIdentifier>
    </Filter>
    <Filter Include="Code\Support">
      <UniqueIdentifier>{34390a93-39d2-489a-9555-1415e8ab81d6}</UniqueIdentifier>
    </Filter>
    <Filter Include="DXUT\Core">
      <UniqueIdentifier>{39533205-a53a-41bb-bdd1-8660cbb4d562}</UniqueIdentifier>
    </Filter>
    <Filter Include="DXUT\Optional">
      <UniqueIdentifier>{9a8b05e2-6839-40ac-a4e2-2bb2cd51b887}</UniqueIdentifier>
    </Filter>
    <Filter Include="DXUT\Media">
      <UniqueIdentifier>{01d222c2-d857-4fd0-88d1-da502b12d35f}</UniqueIdentifier>
    </Filter>
    <Filter Include="DXUT\Media\UI">
      <UniqueIdentifier>{df41f0cb-6577-4a37-a955-a45854acb5fd}</UniqueIdentifier>
    </Filter>
    <Filter Include="Shaders\Support">
      <UniqueIdentifier>{c73c2cd3-5b6e-4206-987e-9d0ae0833477}</UniqueIdentifier>
    </Filter>
  </ItemGroup>
  <ItemGroup>
    <ClCompile Include="Code\Support\SkyDome.cpp">
      <Filter>Code\Support</Filter>
    </ClCompile>
    <ClCompile Include="Code\Support\Timer.cpp">
      <Filter>Code\Support</Filter>
    </ClCompile>
    <ClCompile Include="Code\Support\Camera.cpp">
      <Filter>Code\Support</Filter>
    </ClCompile>
    <ClCompile Include="Code\Support\RenderTarget.cpp">
      <Filter>Code\Support</Filter>
    </ClCompile>
    <ClCompile Include="Code\Support\ShadowMap.cpp">
      <Filter>Code\Support</Filter>
    </ClCompile>
    <ClCompile Include="Code\SeparableSSS.cpp">
      <Filter>Code</Filter>
    </ClCompile>
    <ClCompile Include="Code\Support\FilmGrain.cpp">
      <Filter>Code\Support</Filter>
    </ClCompile>
    <ClCompile Include="Code\Support\Main.cpp">
      <Filter>Code\Support</Filter>
    </ClCompile>
    <ClCompile Include="Code\Demo.cpp">
      <Filter>Code</Filter>
    </ClCompile>
    <ClCompile Include="Code\Support\AddSpecular.cpp">
      <Filter>Code\Support</Filter>
    </ClCompile>
    <ClCompile Include="DXUT\Core\DXUTDevice11.cpp">
      <Filter>DXUT\Core</Filter>
    </ClCompile>
    <ClCompile Include="DXUT\Core\DXUT.cpp">
      <Filter>DXUT\Core</Filter>
    </ClCompile>
    <ClCompile Include="DXUT\Core\DDSTextureLoader.cpp">
      <Filter>DXUT\Core</Filter>
    </ClCompile>
    <ClCompile Include="DXUT\Optional\DXUTcamera.cpp">
      <Filter>DXUT\Optional</Filter>
    </ClCompile>
    <ClCompile Include="DXUT\Optional\DXUTgui.cpp">
      <Filter>DXUT\Optional</Filter>
    </ClCompile>
    <ClCompile Include="DXUT\Core\DXUTmisc.cpp">
      <Filter>DXUT\Optional</Filter>
    </ClCompile>
    <ClCompile Include="DXUT\Optional\DXUTres.cpp">
      <Filter>DXUT\Optional</Filter>
    </ClCompile>
    <ClCompile Include="DXUT\Optional\DXUTsettingsdlg.cpp">
      <Filter>DXUT\Optional</Filter>
    </ClCompile>
    <ClCompile Include="DXUT\Optional\SDKmesh.cpp">
      <Filter>DXUT\Optional</Filter>
    </ClCompile>
    <ClCompile Include="DXUT\Optional\SDKmisc.cpp">
      <Filter>DXUT\Optional</Filter>
    </ClCompile>
    <ClCompile Include="DXUT\Core\ScreenGrab.cpp">
      <Filter>DXUT\Core</Filter>
    </ClCompile>
    <ClCompile Include="DXUT\Core\WICTextureLoader.cpp">
      <Filter>DXUT\Core</Filter>
    </ClCompile>
    <ClCompile Include="DXUT\Core\dxerr.cpp">
      <Filter>DXUT\Core</Filter>
    </ClCompile>
  </ItemGroup>
  <ItemGroup>
    <ClInclude Include="Code\Support\Camera.h">
      <Filter>Code\Support</Filter>
    </ClInclude>
    <ClInclude Include="Code\Support\FilmGrain.h">
      <Filter>Code\Support</Filter>
    </ClInclude>
    <ClInclude Include="Code\Support\RenderTarget.h">
      <Filter>Code\Support</Filter>
    </ClInclude>
    <ClInclude Include="Code\Support\ShadowMap.h">
      <Filter>Code\Support</Filter>
    </ClInclude>
    <ClInclude Include="Code\Support\SkyDome.h">
      <Filter>Code\Support</Filter>
    </ClInclude>
    <ClInclude Include="Code\Support\Timer.h">
      <Filter>Code\Support</Filter>
    </ClInclude>
    <ClInclude Include="Code\SeparableSSS.h">
      <Filter>Code</Filter>
    </ClInclude>
    <ClInclude Include="Code\Support\Main.h">
      <Filter>Code\Support</Filter>
    </ClInclude>
    <ClInclude Include="Code\Support\AddSpecular.h">
      <Filter>Code\Support</Filter>
    </ClInclude>
    <ClInclude Include="DXUT\Core\DXUTDevice11.h">
      <Filter>DXUT\Core</Filter>
    </ClInclude>
    <ClInclude Include="DXUT\Core\DXUT.h">
      <Filter>DXUT\Core</Filter>
    </ClInclude>
    <ClInclude Include="DXUT\Core\DDSTextureLoader.h">
      <Filter>DXUT\Core</Filter>
    </ClInclude>
    <ClInclude Include="DXUT\Optional\DXUTcamera.h">
      <Filter>DXUT\Optional</Filter>
    </ClInclude>
    <ClInclude Include="DXUT\Optional\DXUTgui.h">
      <Filter>DXUT\Optional</Filter>
    </ClInclude>
    <ClInclude Include="DXUT\Core\DXUTmisc.h">
      <Filter>DXUT\Optional</Filter>
    </ClInclude>
    <ClInclude Include="DXUT\Optional\DXUTres.h">
      <Filter>DXUT\Optional</Filter>
    </ClInclude>
    <ClInclude Include="DXUT\Optional\DXUTsettingsdlg.h">
      <Filter>DXUT\Optional</Filter>
    </ClInclude>
    <ClInclude Include="DXUT\Optional\SDKmesh.h">
      <Filter>DXUT\Optional</Filter>
    </ClInclude>
    <ClInclude Include="DXUT\Optional\SDKmisc.h">
      <Filter>DXUT\Optional</Filter>
    </ClInclude>
    <ClInclude Include="DXUT\Core\ScreenGrab.h">
      <Filter>DXUT\Core</Filter>
    </ClInclude>
    <ClInclude Include="DXUT\Core\WICTextureLoader.h">
      <Filter>DXUT\Core</Filter>
    </ClInclude>
    <ClInclude Include="DXUT\Core\dxerr.h">
      <Filter>DXUT\Core</Filter>
    </ClInclude>
    <ClInclude Include="Code\Demo.h">
      <Filter>Code</Filter>
    </ClInclude>
  </ItemGroup>
  <ItemGroup>
    <None Include="Shaders\Translucency.hlsli">
      <Filter>Shaders</Filter>
    </None>
    <None Include="Shaders\Support\AddSpecular.hlsli">
      <Filter>Shaders\Support</Filter>
    </None>
    <None Include="Shaders\Support\FilmGrain.hlsli">
      <Filter>Shaders\Support</Filter>
    </None>
    <None Include="Shaders\Support\Main.hlsli">
      <Filter>Shaders\Support</Filter>
    </None>
    <None Include="Shaders\Support\SeparableSSS_Demo.hlsli">
      <Filter>Shaders\Support</Filter>
    </None>
    <None Include="Shaders\Support\ShadowMap.hlsli">
      <Filter>Shaders\Support</Filter>
    </None>
    <None Include="Shaders\Support\SkyDome.hlsli">
      <Filter>Shaders\Support</Filter>
    </None>
    <None Include="Shaders\SeparableSSS.hlsli">
      <Filter>Shaders</Filter>
    </None>
  </ItemGroup>
  <ItemGroup>
    <FxCompile Include="Shaders\Support\SkyDome_SkyDomeVS.hlsl">
      <Filter>Shaders\Support</Filter>
    </FxCompile>
    <FxCompile Include="Shaders\Support\AddSpecular_AddSpecularPS.hlsl">
      <Filter>Shaders\Support</Filter>
    </FxCompile>
    <FxCompile Include="Shaders\Support\AddSpecular_PassVS.hlsl">
      <Filter>Shaders\Support</Filter>
    </FxCompile>
    <FxCompile Include="Shaders\Support\FilmGrain_FilmGrainPS.hlsl">
      <Filter>Shaders\Support</Filter>
    </FxCompile>
    <FxCompile Include="Shaders\Support\FilmGrain_PassVS.hlsl">
      <Filter>Shaders\Support</Filter>
    </FxCompile>
    <FxCompile Include="Shaders\Support\Main_RenderPS.hlsl">
      <Filter>Shaders\Support</Filter>
    </FxCompile>
    <FxCompile Include="Shaders\Support\Main_RenderVS.hlsl">
      <Filter>Shaders\Support</Filter>
    </FxCompile>
    <FxCompile Include="Shaders\Support\SeparableSSS_SSSSBlurVS.hlsl">
      <Filter>Shaders\Support</Filter>
    </FxCompile>
    <FxCompile Include="Shaders\Support\SeparableSSS_SSSSBlurXPS.hlsl">
      <Filter>Shaders\Support</Filter>
    </FxCompile>
    <FxCompile Include="Shaders\Support\SeparableSSS_SSSSBlurYPS.hlsl">
      <Filter>Shaders\Support</Filter>
    </FxCompile>
    <FxCompile Include="Shaders\Support\ShadowMap_ShadowMapVS.hlsl">
      <Filter>Shaders\Support</Filter>
    </FxCompile>
    <FxCompile Include="Shaders\Support\SkyDome_SkyDomePS.hlsl">
      <Filter>Shaders\Support</Filter>
    </FxCompile>
  </ItemGroup>
  <ItemGroup>
    <CopyFileToFolders Include="DXUT\Media\UI\Font.dds">
      <Filter>DXUT\Media\UI</Filter>
    </CopyFileToFolders>
    <CopyFileToFolders Include="DXUT\Media\UI\dxutcontrols.dds">
      <Filter>DXUT\Media\UI</Filter>
    </CopyFileToFolders>
  </ItemGroup>
</Project>