<?xml version="1.0" encoding="utf-8"?>
<Project ToolsVersion="4.0" xmlns="http://schemas.microsoft.com/developer/msbuild/2003">
  <ItemGroup>
    <Filter Include="code">
      <UniqueIdentifier>{4FC737F1-C7A5-4376-A066-2A32D752A2FF}</UniqueIdentifier>
      <Extensions>cpp;c;cc;cxx;def;odl;idl;hpj;bat;asm;asmx</Extensions>
    </Filter>
    <Filter Include="code\lut_generator">
      <UniqueIdentifier>{f069ad3d-2dc6-45b6-890f-4caece7b14d4}</UniqueIdentifier>
    </Filter>
  </ItemGroup>
  <ItemGroup>
    <ClCompile Include="code\lut_generator\lut_generator.cpp">
      <Filter>code\lut_generator</Filter>
    </ClCompile>
    <ClCompile Include="code\precomp.cpp">
      <Filter>code</Filter>
    </ClCompile>
  </ItemGroup>
  <ItemGroup>
    <ClInclude Include="code\GFSDK_FaceWorks.h">
      <Filter>code</Filter>
    </ClInclude>
    <ClInclude Include="code\internal.h">
      <Filter>code</Filter>
    </ClInclude>
  </ItemGroup>
</Project>