
Microsoft Visual Studio Solution File, Format Version 12.00
# Visual Studio Version 16
VisualStudioVersion = 16.0.31624.102
MinimumVisualStudioVersion = 10.0.40219.1
Project("{8BC9CEB8-8B4A-11D0-8D11-00A0C91BC942}") = "sample_d3d11", "sample_d3d11.vcxproj", "{D82D9217-F859-4384-8248-8B53E6A22A97}"
EndProject
Project("{8BC9CEB8-8B4A-11D0-8D11-00A0C91BC942}") = "lut_generator", "lut_generator.vcxproj", "{11842C0B-823C-49DA-8675-BCF7FC84ED0B}"
EndProject
Global
	GlobalSection(SolutionConfigurationPlatforms) = preSolution
		Debug|Win32 = Debug|Win32
		Debug|x64 = Debug|x64
		Release|Win32 = Release|Win32
		Release|x64 = Release|x64
	EndGlobalSection
	GlobalSection(ProjectConfigurationPlatforms) = postSolution
		{D82D9217-F859-4384-8248-8B53E6A22A97}.Debug|Win32.ActiveCfg = Debug|Win32
		{D82D9217-F859-4384-8248-8B53E6A22A97}.Debug|Win32.Build.0 = Debug|Win32
		{D82D9217-F859-4384-8248-8B53E6A22A97}.Debug|x64.ActiveCfg = Debug|x64
		{D82D9217-F859-4384-8248-8B53E6A22A97}.Debug|x64.Build.0 = Debug|x64
		{D82D9217-F859-4384-8248-8B53E6A22A97}.Release|Win32.ActiveCfg = Release|Win32
		{D82D9217-F859-4384-8248-8B53E6A22A97}.Release|Win32.Build.0 = Release|Win32
		{D82D9217-F859-4384-8248-8B53E6A22A97}.Release|x64.ActiveCfg = Release|x64
		{D82D9217-F859-4384-8248-8B53E6A22A97}.Release|x64.Build.0 = Release|x64
		{11842C0B-823C-49DA-8675-BCF7FC84ED0B}.Debug|Win32.ActiveCfg = Debug|Win32
		{11842C0B-823C-49DA-8675-BCF7FC84ED0B}.Debug|Win32.Build.0 = Debug|Win32
		{11842C0B-823C-49DA-8675-BCF7FC84ED0B}.Debug|x64.ActiveCfg = Debug|x64
		{11842C0B-823C-49DA-8675-BCF7FC84ED0B}.Debug|x64.Build.0 = Debug|x64
		{11842C0B-823C-49DA-8675-BCF7FC84ED0B}.Release|Win32.ActiveCfg = Release|Win32
		{11842C0B-823C-49DA-8675-BCF7FC84ED0B}.Release|Win32.Build.0 = Release|Win32
		{11842C0B-823C-49DA-8675-BCF7FC84ED0B}.Release|x64.ActiveCfg = Release|x64
		{11842C0B-823C-49DA-8675-BCF7FC84ED0B}.Release|x64.Build.0 = Release|x64
	EndGlobalSection
	GlobalSection(SolutionProperties) = preSolution
		HideSolutionNode = FALSE
	EndGlobalSection
	GlobalSection(ExtensibilityGlobals) = postSolution
		SolutionGuid = {C39CA8A4-21DC-4CB8-8087-D8D99118ECBE}
	EndGlobalSection
EndGlobal
